
Microsoft Visual Studio Solution File, Format Version 12.00
# Visual Studio 15
VisualStudioVersion = 15.0.27004.2009
MinimumVisualStudioVersion = 10.0.40219.1
Project("{FAE04EC0-301F-11D3-BF4B-00C04F79EFBC}") = "AppLockerLog.Data", "AppLockerLog.Data\AppLockerLog.Data.csproj", "{C66F0974-1680-4136-9EFC-C42599C1253F}"
EndProject
Project("{FAE04EC0-301F-11D3-BF4B-00C04F79EFBC}") = "AppLockerLog.Web", "AppLockerLog.Web\AppLockerLog.Web.csproj", "{AC908BBB-B486-4C7D-B8F3-18F4C79A4225}"
EndProject
Global
	GlobalSection(SolutionConfigurationPlatforms) = preSolution
		Debug|Any CPU = Debug|Any CPU
		Release|Any CPU = Release|Any CPU
	EndGlobalSection
	GlobalSection(ProjectConfigurationPlatforms) = postSolution
		{C66F0974-1680-4136-9EFC-C42599C1253F}.Debug|Any CPU.ActiveCfg = Debug|Any CPU
		{C66F0974-1680-4136-9EFC-C42599C1253F}.Debug|Any CPU.Build.0 = Debug|Any CPU
		{C66F0974-1680-4136-9EFC-C42599C1253F}.Release|Any CPU.ActiveCfg = Release|Any CPU
		{C66F0974-1680-4136-9EFC-C42599C1253F}.Release|Any CPU.Build.0 = Release|Any CPU
		{AC908BBB-B486-4C7D-B8F3-18F4C79A4225}.Debug|Any CPU.ActiveCfg = Debug|Any CPU
		{AC908BBB-B486-4C7D-B8F3-18F4C79A4225}.Debug|Any CPU.Build.0 = Debug|Any CPU
		{AC908BBB-B486-4C7D-B8F3-18F4C79A4225}.Release|Any CPU.ActiveCfg = Release|Any CPU
		{AC908BBB-B486-4C7D-B8F3-18F4C79A4225}.Release|Any CPU.Build.0 = Release|Any CPU
	EndGlobalSection
	GlobalSection(SolutionProperties) = preSolution
		HideSolutionNode = FALSE
	EndGlobalSection
	GlobalSection(ExtensibilityGlobals) = postSolution
		SolutionGuid = {DE717300-A801-41CA-9E00-12389C652537}
	EndGlobalSection
EndGlobal
